
Microsoft Visual Studio Solution File, Format Version 12.00
# Visual Studio Version 17
VisualStudioVersion = 17.7.34009.444
MinimumVisualStudioVersion = 10.0.40219.1
Project("{8BC9CEB8-8B4A-11D0-8D11-00A0C91BC942}") = "HW_28.12.23_exercise_49", "HW_28.12.23_exercise_49\HW_28.12.23_exercise_49.vcxproj", "{8EF2BB66-6B3E-4014-B907-8CF36EFA5ACD}"
EndProject
Global
	GlobalSection(SolutionConfigurationPlatforms) = preSolution
		Debug|x64 = Debug|x64
		Debug|x86 = Debug|x86
		Release|x64 = Release|x64
		Release|x86 = Release|x86
	EndGlobalSection
	GlobalSection(ProjectConfigurationPlatforms) = postSolution
		{8EF2BB66-6B3E-4014-B907-8CF36EFA5ACD}.Debug|x64.ActiveCfg = Debug|x64
		{8EF2BB66-6B3E-4014-B907-8CF36EFA5ACD}.Debug|x64.Build.0 = Debug|x64
		{8EF2BB66-6B3E-4014-B907-8CF36EFA5ACD}.Debug|x86.ActiveCfg = Debug|Win32
		{8EF2BB66-6B3E-4014-B907-8CF36EFA5ACD}.Debug|x86.Build.0 = Debug|Win32
		{8EF2BB66-6B3E-4014-B907-8CF36EFA5ACD}.Release|x64.ActiveCfg = Release|x64
		{8EF2BB66-6B3E-4014-B907-8CF36EFA5ACD}.Release|x64.Build.0 = Release|x64
		{8EF2BB66-6B3E-4014-B907-8CF36EFA5ACD}.Release|x86.ActiveCfg = Release|Win32
		{8EF2BB66-6B3E-4014-B907-8CF36EFA5ACD}.Release|x86.Build.0 = Release|Win32
	EndGlobalSection
	GlobalSection(SolutionProperties) = preSolution
		HideSolutionNode = FALSE
	EndGlobalSection
	GlobalSection(ExtensibilityGlobals) = postSolution
		SolutionGuid = {D61AA7A4-35E8-4215-ADF2-D2FFCD2406AA}
	EndGlobalSection
EndGlobal
