
Microsoft Visual Studio Solution File, Format Version 12.00
# Visual Studio Version 17
VisualStudioVersion = 17.7.34009.444
MinimumVisualStudioVersion = 10.0.40219.1
Project("{8BC9CEB8-8B4A-11D0-8D11-00A0C91BC942}") = "HW_28.12.23_exercise_50", "HW_28.12.23_exercise_50\HW_28.12.23_exercise_50.vcxproj", "{D7E11638-E176-4809-911C-F41A50EB33CC}"
EndProject
Global
	GlobalSection(SolutionConfigurationPlatforms) = preSolution
		Debug|x64 = Debug|x64
		Debug|x86 = Debug|x86
		Release|x64 = Release|x64
		Release|x86 = Release|x86
	EndGlobalSection
	GlobalSection(ProjectConfigurationPlatforms) = postSolution
		{D7E11638-E176-4809-911C-F41A50EB33CC}.Debug|x64.ActiveCfg = Debug|x64
		{D7E11638-E176-4809-911C-F41A50EB33CC}.Debug|x64.Build.0 = Debug|x64
		{D7E11638-E176-4809-911C-F41A50EB33CC}.Debug|x86.ActiveCfg = Debug|Win32
		{D7E11638-E176-4809-911C-F41A50EB33CC}.Debug|x86.Build.0 = Debug|Win32
		{D7E11638-E176-4809-911C-F41A50EB33CC}.Release|x64.ActiveCfg = Release|x64
		{D7E11638-E176-4809-911C-F41A50EB33CC}.Release|x64.Build.0 = Release|x64
		{D7E11638-E176-4809-911C-F41A50EB33CC}.Release|x86.ActiveCfg = Release|Win32
		{D7E11638-E176-4809-911C-F41A50EB33CC}.Release|x86.Build.0 = Release|Win32
	EndGlobalSection
	GlobalSection(SolutionProperties) = preSolution
		HideSolutionNode = FALSE
	EndGlobalSection
	GlobalSection(ExtensibilityGlobals) = postSolution
		SolutionGuid = {06CBCAEB-4DEE-4A9E-BBC4-38F3A050C632}
	EndGlobalSection
EndGlobal
